// !$*UTF8*$!
{
	archiveVersion = 1;
	classes = {
	};
	objectVersion = 46;
	objects = {

/* Begin PBXBuildFile section */
		2FD6F1AA1CBA664C00879F7F /* MapViewController.swift in Sources */ = {isa = PBXBuildFile; fileRef = 2FD6F1A91CBA664C00879F7F /* MapViewController.swift */; };
		2FD6F1AC1CBA6BF300879F7F /* MapService.swift in Sources */ = {isa = PBXBuildFile; fileRef = 2FD6F1AB1CBA6BF300879F7F /* MapService.swift */; };
		2FD6F1AE1CBA6FDB00879F7F /* RequestModel.swift in Sources */ = {isa = PBXBuildFile; fileRef = 2FD6F1AD1CBA6FDB00879F7F /* RequestModel.swift */; };
		2FE876391CBA902D007D9C41 /* MapViewModel.swift in Sources */ = {isa = PBXBuildFile; fileRef = 2FE876381CBA902D007D9C41 /* MapViewModel.swift */; };
		2FFAA74E1CC0F1290086CD6F /* MapServiceFactory.swift in Sources */ = {isa = PBXBuildFile; fileRef = 2FFAA74D1CC0F1290086CD6F /* MapServiceFactory.swift */; };
		2FFAA7501CC0F8A10086CD6F /* MapMarkerModel.swift in Sources */ = {isa = PBXBuildFile; fileRef = 2FFAA74F1CC0F8A10086CD6F /* MapMarkerModel.swift */; };
		2FFD7DC71CC958D4005CDE2C /* DashboardViewController.swift in Sources */ = {isa = PBXBuildFile; fileRef = EFD116881C92C2FF00C05E09 /* DashboardViewController.swift */; };
		2FFD7DC91CC958D4005CDE2C /* ViewController.swift in Sources */ = {isa = PBXBuildFile; fileRef = 578484E11C764541006A9841 /* ViewController.swift */; };
		2FFD7DCB1CC95949005CDE2C /* UserService.swift in Sources */ = {isa = PBXBuildFile; fileRef = 2FFD7DCA1CC95949005CDE2C /* UserService.swift */; };
		2FFD7DCD1CC95A44005CDE2C /* DashboardModel.swift in Sources */ = {isa = PBXBuildFile; fileRef = 2FFD7DCC1CC95A44005CDE2C /* DashboardModel.swift */; };
		2FFD7DCF1CC95A6F005CDE2C /* DashboardService.swift in Sources */ = {isa = PBXBuildFile; fileRef = 2FFD7DCE1CC95A6F005CDE2C /* DashboardService.swift */; };
		2FFE5A651CCE867900D02333 /* CategoryIconModel.swift in Sources */ = {isa = PBXBuildFile; fileRef = 2FFE5A641CCE867900D02333 /* CategoryIconModel.swift */; };
		578484E01C764541006A9841 /* AppDelegate.swift in Sources */ = {isa = PBXBuildFile; fileRef = 578484DF1C764541006A9841 /* AppDelegate.swift */; };
		578484E51C764541006A9841 /* Main.storyboard in Resources */ = {isa = PBXBuildFile; fileRef = 578484E31C764541006A9841 /* Main.storyboard */; };
		578484EA1C764542006A9841 /* LaunchScreen.storyboard in Resources */ = {isa = PBXBuildFile; fileRef = 578484E81C764542006A9841 /* LaunchScreen.storyboard */; };
		578484F51C764542006A9841 /* VolontairTests.swift in Sources */ = {isa = PBXBuildFile; fileRef = 578484F41C764542006A9841 /* VolontairTests.swift */; };
		578485001C764542006A9841 /* VolontairUITests.swift in Sources */ = {isa = PBXBuildFile; fileRef = 578484FF1C764542006A9841 /* VolontairUITests.swift */; };
		57C442B61CA078D200A556F5 /* FBSDKLoginKit.framework in Frameworks */ = {isa = PBXBuildFile; fileRef = 2FB60C251C946F2C0002BB51 /* FBSDKLoginKit.framework */; };
		57C442BF1CA080C900A556F5 /* Bolts.framework in Frameworks */ = {isa = PBXBuildFile; fileRef = 2FB60C231C946F2C0002BB51 /* Bolts.framework */; };
		57C442C01CA080C900A556F5 /* Bolts.framework in Embed Frameworks */ = {isa = PBXBuildFile; fileRef = 2FB60C231C946F2C0002BB51 /* Bolts.framework */; settings = {ATTRIBUTES = (CodeSignOnCopy, RemoveHeadersOnCopy, ); }; };
		57C442C21CA080CA00A556F5 /* FBSDKCoreKit.framework in Frameworks */ = {isa = PBXBuildFile; fileRef = 2FB60C241C946F2C0002BB51 /* FBSDKCoreKit.framework */; };
		57C442C31CA080CA00A556F5 /* FBSDKCoreKit.framework in Embed Frameworks */ = {isa = PBXBuildFile; fileRef = 2FB60C241C946F2C0002BB51 /* FBSDKCoreKit.framework */; settings = {ATTRIBUTES = (CodeSignOnCopy, RemoveHeadersOnCopy, ); }; };
		57C442C41CA080CC00A556F5 /* FBSDKLoginKit.framework in Frameworks */ = {isa = PBXBuildFile; fileRef = 2FB60C251C946F2C0002BB51 /* FBSDKLoginKit.framework */; };
		57C442C51CA080CC00A556F5 /* FBSDKLoginKit.framework in Embed Frameworks */ = {isa = PBXBuildFile; fileRef = 2FB60C251C946F2C0002BB51 /* FBSDKLoginKit.framework */; settings = {ATTRIBUTES = (CodeSignOnCopy, RemoveHeadersOnCopy, ); }; };
		E80A85C41CF4CF550011026E /* SettingsService.swift in Sources */ = {isa = PBXBuildFile; fileRef = E80A85C31CF4CF550011026E /* SettingsService.swift */; };
		E85085DC1CE4790C0075AFA3 /* UserMapModel.swift in Sources */ = {isa = PBXBuildFile; fileRef = E85085DB1CE4790C0075AFA3 /* UserMapModel.swift */; };
		E86020C31CE27E8A004F1CEF /* NSURLFragmentExtension.swift in Sources */ = {isa = PBXBuildFile; fileRef = E86020C21CE27E8A004F1CEF /* NSURLFragmentExtension.swift */; };
		E891DCF91CE27D8C00D9F560 /* VolontairApiService.swift in Sources */ = {isa = PBXBuildFile; fileRef = E891DCF81CE27D8C00D9F560 /* VolontairApiService.swift */; };
		E8A26DC71CF4627400EE5753 /* UIImageMapFragmentExtension.swift in Sources */ = {isa = PBXBuildFile; fileRef = E8A26DC61CF4627400EE5753 /* UIImageMapFragmentExtension.swift */; };
		E8A26DCB1CF4744400EE5753 /* RadiusSettingsViewController.swift in Sources */ = {isa = PBXBuildFile; fileRef = E8A26DCA1CF4744400EE5753 /* RadiusSettingsViewController.swift */; };
		E8A26DCE1CF4747900EE5753 /* LocationSettingsViewController.swift in Sources */ = {isa = PBXBuildFile; fileRef = E8A26DCD1CF4747900EE5753 /* LocationSettingsViewController.swift */; };
		E8F928C91CE381FB00DDCB61 /* LoginViewController.swift in Sources */ = {isa = PBXBuildFile; fileRef = E8F928C81CE381FB00DDCB61 /* LoginViewController.swift */; };
		EF098D881CE33753000753AB /* UserRequestTableViewController.swift in Sources */ = {isa = PBXBuildFile; fileRef = EF098D871CE33753000753AB /* UserRequestTableViewController.swift */; };
		EF098D8A1CE36065000753AB /* UserRequestDetailViewController.swift in Sources */ = {isa = PBXBuildFile; fileRef = EF098D891CE36065000753AB /* UserRequestDetailViewController.swift */; };
		EF0AE2C51CF0A08900D9CFAD /* WizardService.swift in Sources */ = {isa = PBXBuildFile; fileRef = EF0AE2C41CF0A08900D9CFAD /* WizardService.swift */; };
		EF0AE2C71CF0A0C400D9CFAD /* WizardServiceFactory.swift in Sources */ = {isa = PBXBuildFile; fileRef = EF0AE2C61CF0A0C400D9CFAD /* WizardServiceFactory.swift */; };
		EF0AE2C91CF31D4500D9CFAD /* CategoryService.swift in Sources */ = {isa = PBXBuildFile; fileRef = EF0AE2C81CF31D4500D9CFAD /* CategoryService.swift */; };
		EF0D05981CB690D4005403B8 /* Constants.swift in Sources */ = {isa = PBXBuildFile; fileRef = EF0D05971CB690D4005403B8 /* Constants.swift */; };
		EF2721ED1CBE27FB00BCD082 /* ProfileService.swift in Sources */ = {isa = PBXBuildFile; fileRef = EF2721EC1CBE27FB00BCD082 /* ProfileService.swift */; };
		EF2721F11CBE29D300BCD082 /* ServiceFactory.swift in Sources */ = {isa = PBXBuildFile; fileRef = EF2721F01CBE29D300BCD082 /* ServiceFactory.swift */; };
		EF287BA61CA9BFC6009155CC /* Cartfile in Resources */ = {isa = PBXBuildFile; fileRef = EF287BA51CA9BFC6009155CC /* Cartfile */; };
		EF2E81E31CBEDE6C00FD141C /* ProfileServiceFactory.swift in Sources */ = {isa = PBXBuildFile; fileRef = EF2E81E21CBEDE6C00FD141C /* ProfileServiceFactory.swift */; };
		EF2E81E51CBEDF9B00FD141C /* UserModel.swift in Sources */ = {isa = PBXBuildFile; fileRef = EF2E81E41CBEDF9B00FD141C /* UserModel.swift */; };
		EF2E81E71CBEE56100FD141C /* DashboardServiceFactory.swift in Sources */ = {isa = PBXBuildFile; fileRef = EF2E81E61CBEE56100FD141C /* DashboardServiceFactory.swift */; };
		EF3E38D61C9B5C60005210ED /* FBSDKLoginKit.framework in Sources */ = {isa = PBXBuildFile; fileRef = 2FB60C251C946F2C0002BB51 /* FBSDKLoginKit.framework */; };
		EF3E527F1CC00B6F0053A701 /* ConversationModel.swift in Sources */ = {isa = PBXBuildFile; fileRef = EF3E527E1CC00B6F0053A701 /* ConversationModel.swift */; };
		EF3E52831CC00BC50053A701 /* ContactsService.swift in Sources */ = {isa = PBXBuildFile; fileRef = EF3E52801CC00BC50053A701 /* ContactsService.swift */; };
		EF3E52841CC00BC50053A701 /* ContactsViewController.swift in Sources */ = {isa = PBXBuildFile; fileRef = EF3E52811CC00BC50053A701 /* ContactsViewController.swift */; };
		EF3E52851CC00BC50053A701 /* ContactTableViewCell.swift in Sources */ = {isa = PBXBuildFile; fileRef = EF3E52821CC00BC50053A701 /* ContactTableViewCell.swift */; };
		EF3E52871CC00CF50053A701 /* ContactServiceFactory.swift in Sources */ = {isa = PBXBuildFile; fileRef = EF3E52861CC00CF50053A701 /* ContactServiceFactory.swift */; };
		EF4948611C8F2886001A8A3C /* SettingsViewController.swift in Sources */ = {isa = PBXBuildFile; fileRef = EF4948601C8F2886001A8A3C /* SettingsViewController.swift */; };
		EF49F6991CE5F47400C17BA4 /* StringRegexExtension.swift in Sources */ = {isa = PBXBuildFile; fileRef = EF49F6981CE5F47400C17BA4 /* StringRegexExtension.swift */; };
		EF5354FF1CB98DA800B5DEE2 /* (null) in Sources */ = {isa = PBXBuildFile; };
		EF9400CD1CC79129008F93A9 /* Localizable.strings in Resources */ = {isa = PBXBuildFile; fileRef = EF9400CF1CC79129008F93A9 /* Localizable.strings */; };
		EF9400D41CC79CF7008F93A9 /* Assets.xcassets in Resources */ = {isa = PBXBuildFile; fileRef = EF9400D31CC79CF7008F93A9 /* Assets.xcassets */; };
		EF9400D81CC7B732008F93A9 /* CategoryModel.swift in Sources */ = {isa = PBXBuildFile; fileRef = EF9400D71CC7B732008F93A9 /* CategoryModel.swift */; };
		EF9998B41CC38E7000C42537 /* RxAlamofire.framework in Frameworks */ = {isa = PBXBuildFile; fileRef = EF9998B01CC38E7000C42537 /* RxAlamofire.framework */; };
		EF9998B51CC38E7000C42537 /* RxAlamofire.framework in Embed Frameworks */ = {isa = PBXBuildFile; fileRef = EF9998B01CC38E7000C42537 /* RxAlamofire.framework */; settings = {ATTRIBUTES = (CodeSignOnCopy, RemoveHeadersOnCopy, ); }; };
		EF9998B61CC38E7000C42537 /* RxBlocking.framework in Frameworks */ = {isa = PBXBuildFile; fileRef = EF9998B11CC38E7000C42537 /* RxBlocking.framework */; };
		EF9998B71CC38E7000C42537 /* RxBlocking.framework in Embed Frameworks */ = {isa = PBXBuildFile; fileRef = EF9998B11CC38E7000C42537 /* RxBlocking.framework */; settings = {ATTRIBUTES = (CodeSignOnCopy, RemoveHeadersOnCopy, ); }; };
		EF9998B81CC38E7100C42537 /* RxCocoa.framework in Frameworks */ = {isa = PBXBuildFile; fileRef = EF9998B21CC38E7000C42537 /* RxCocoa.framework */; };
		EF9998B91CC38E7100C42537 /* RxCocoa.framework in Embed Frameworks */ = {isa = PBXBuildFile; fileRef = EF9998B21CC38E7000C42537 /* RxCocoa.framework */; settings = {ATTRIBUTES = (CodeSignOnCopy, RemoveHeadersOnCopy, ); }; };
		EF9998BA1CC38E7100C42537 /* RxSwift.framework in Frameworks */ = {isa = PBXBuildFile; fileRef = EF9998B31CC38E7000C42537 /* RxSwift.framework */; };
		EF9998BB1CC38E7100C42537 /* RxSwift.framework in Embed Frameworks */ = {isa = PBXBuildFile; fileRef = EF9998B31CC38E7000C42537 /* RxSwift.framework */; settings = {ATTRIBUTES = (CodeSignOnCopy, RemoveHeadersOnCopy, ); }; };
		EF9998BD1CC38EAC00C42537 /* Alamofire.framework in Frameworks */ = {isa = PBXBuildFile; fileRef = EF9998BC1CC38EAC00C42537 /* Alamofire.framework */; };
		EF9998BE1CC38EAC00C42537 /* Alamofire.framework in Embed Frameworks */ = {isa = PBXBuildFile; fileRef = EF9998BC1CC38EAC00C42537 /* Alamofire.framework */; settings = {ATTRIBUTES = (CodeSignOnCopy, RemoveHeadersOnCopy, ); }; };
		EF9B58381CCF6EA300AA52ED /* AddEmployViewController.swift in Sources */ = {isa = PBXBuildFile; fileRef = EF9B58371CCF6EA300AA52ED /* AddEmployViewController.swift */; };
		EF9B583D1CCF8EEA00AA52ED /* OfferService.swift in Sources */ = {isa = PBXBuildFile; fileRef = EF9B583C1CCF8EEA00AA52ED /* OfferService.swift */; };
		EF9B583F1CCF951600AA52ED /* RequestService.swift in Sources */ = {isa = PBXBuildFile; fileRef = EF9B583E1CCF951600AA52ED /* RequestService.swift */; };
		EFA50DF11CAAA93100FE4545 /* SwiftyJSON.framework in Frameworks */ = {isa = PBXBuildFile; fileRef = EFA50DEF1CAAA93100FE4545 /* SwiftyJSON.framework */; };
		EFA50DF81CAAA97000FE4545 /* SwiftyJSON.framework in Frameworks */ = {isa = PBXBuildFile; fileRef = EFA50DEF1CAAA93100FE4545 /* SwiftyJSON.framework */; };
		EFA50DF91CAAA97000FE4545 /* SwiftyJSON.framework in Embed Frameworks */ = {isa = PBXBuildFile; fileRef = EFA50DEF1CAAA93100FE4545 /* SwiftyJSON.framework */; settings = {ATTRIBUTES = (CodeSignOnCopy, RemoveHeadersOnCopy, ); }; };
		EFA50DFB1CAAAB9000FE4545 /* SwiftyJSON.framework in Frameworks */ = {isa = PBXBuildFile; fileRef = EFA50DEF1CAAA93100FE4545 /* SwiftyJSON.framework */; };
		EFBBB2901CF380C4001B5339 /* EditProfileViewController.swift in Sources */ = {isa = PBXBuildFile; fileRef = EFBBB28F1CF380C4001B5339 /* EditProfileViewController.swift */; };
		EFBBB28E1CF35090001B5339 /* AlamofireStringAsBody.swift in Sources */ = {isa = PBXBuildFile; fileRef = EFBBB28D1CF35090001B5339 /* AlamofireStringAsBody.swift */; };
		EFBDCCE91CA0051400981A6E /* ProfileViewController.swift in Sources */ = {isa = PBXBuildFile; fileRef = EFBDCCE81CA0051400981A6E /* ProfileViewController.swift */; };
		EFDBD6A61CEB57A100BC7ED8 /* RBResizer.swift in Sources */ = {isa = PBXBuildFile; fileRef = EFDBD6A51CEB57A100BC7ED8 /* RBResizer.swift */; };
		EFF4D63D1CBFA2F3001AE6E3 /* MapKit.framework in Frameworks */ = {isa = PBXBuildFile; fileRef = EF5A86C31CA01815004128E7 /* MapKit.framework */; };
		EFF75AAD1CDA19DB00090ACB /* CategoryTableViewController.swift in Sources */ = {isa = PBXBuildFile; fileRef = EFF75AAC1CDA19DB00090ACB /* CategoryTableViewController.swift */; };
		EFF75AAF1CDA37BD00090ACB /* CoreLocation.framework in Frameworks */ = {isa = PBXBuildFile; fileRef = EFF75AAE1CDA37BD00090ACB /* CoreLocation.framework */; };
		EFF75AB11CDA388600090ACB /* GeoLocationViewController.swift in Sources */ = {isa = PBXBuildFile; fileRef = EFF75AB01CDA388600090ACB /* GeoLocationViewController.swift */; };
		EFF75AB31CDA5F2500090ACB /* UserTypeViewController.swift in Sources */ = {isa = PBXBuildFile; fileRef = EFF75AB21CDA5F2400090ACB /* UserTypeViewController.swift */; };
		EFF75AB51CDA61AE00090ACB /* ValidationProtocol.swift in Sources */ = {isa = PBXBuildFile; fileRef = EFF75AB41CDA61AE00090ACB /* ValidationProtocol.swift */; };
/* End PBXBuildFile section */

/* Begin PBXContainerItemProxy section */
		578484F11C764542006A9841 /* PBXContainerItemProxy */ = {
			isa = PBXContainerItemProxy;
			containerPortal = 578484D41C764541006A9841 /* Project object */;
			proxyType = 1;
			remoteGlobalIDString = 578484DB1C764541006A9841;
			remoteInfo = Volontair;
		};
		578484FC1C764542006A9841 /* PBXContainerItemProxy */ = {
			isa = PBXContainerItemProxy;
			containerPortal = 578484D41C764541006A9841 /* Project object */;
			proxyType = 1;
			remoteGlobalIDString = 578484DB1C764541006A9841;
			remoteInfo = Volontair;
		};
/* End PBXContainerItemProxy section */

/* Begin PBXCopyFilesBuildPhase section */
		EF287BAA1CA9C1AD009155CC /* Embed Frameworks */ = {
			isa = PBXCopyFilesBuildPhase;
			buildActionMask = 2147483647;
			dstPath = "";
			dstSubfolderSpec = 10;
			files = (
				EFA50DF91CAAA97000FE4545 /* SwiftyJSON.framework in Embed Frameworks */,
				EF9998BE1CC38EAC00C42537 /* Alamofire.framework in Embed Frameworks */,
				EF9998B51CC38E7000C42537 /* RxAlamofire.framework in Embed Frameworks */,
				EF9998B91CC38E7100C42537 /* RxCocoa.framework in Embed Frameworks */,
				57C442C01CA080C900A556F5 /* Bolts.framework in Embed Frameworks */,
				EF9998BB1CC38E7100C42537 /* RxSwift.framework in Embed Frameworks */,
				57C442C31CA080CA00A556F5 /* FBSDKCoreKit.framework in Embed Frameworks */,
				57C442C51CA080CC00A556F5 /* FBSDKLoginKit.framework in Embed Frameworks */,
				EF9998B71CC38E7000C42537 /* RxBlocking.framework in Embed Frameworks */,
			);
			name = "Embed Frameworks";
			runOnlyForDeploymentPostprocessing = 0;
		};
/* End PBXCopyFilesBuildPhase section */

/* Begin PBXFileReference section */
		2FB60C231C946F2C0002BB51 /* Bolts.framework */ = {isa = PBXFileReference; lastKnownFileType = wrapper.framework; path = Bolts.framework; sourceTree = "<group>"; };
		2FB60C241C946F2C0002BB51 /* FBSDKCoreKit.framework */ = {isa = PBXFileReference; lastKnownFileType = wrapper.framework; path = FBSDKCoreKit.framework; sourceTree = "<group>"; };
		2FB60C251C946F2C0002BB51 /* FBSDKLoginKit.framework */ = {isa = PBXFileReference; lastKnownFileType = wrapper.framework; path = FBSDKLoginKit.framework; sourceTree = "<group>"; };
		2FD6F1A91CBA664C00879F7F /* MapViewController.swift */ = {isa = PBXFileReference; fileEncoding = 4; lastKnownFileType = sourcecode.swift; path = MapViewController.swift; sourceTree = "<group>"; };
		2FD6F1AB1CBA6BF300879F7F /* MapService.swift */ = {isa = PBXFileReference; fileEncoding = 4; lastKnownFileType = sourcecode.swift; path = MapService.swift; sourceTree = "<group>"; };
		2FD6F1AD1CBA6FDB00879F7F /* RequestModel.swift */ = {isa = PBXFileReference; fileEncoding = 4; lastKnownFileType = sourcecode.swift; name = RequestModel.swift; path = ../RequestModel.swift; sourceTree = "<group>"; };
		2FE876381CBA902D007D9C41 /* MapViewModel.swift */ = {isa = PBXFileReference; fileEncoding = 4; lastKnownFileType = sourcecode.swift; name = MapViewModel.swift; path = ../MapViewModel.swift; sourceTree = "<group>"; };
		2FFAA74D1CC0F1290086CD6F /* MapServiceFactory.swift */ = {isa = PBXFileReference; fileEncoding = 4; lastKnownFileType = sourcecode.swift; path = MapServiceFactory.swift; sourceTree = "<group>"; };
		2FFAA74F1CC0F8A10086CD6F /* MapMarkerModel.swift */ = {isa = PBXFileReference; fileEncoding = 4; lastKnownFileType = sourcecode.swift; path = MapMarkerModel.swift; sourceTree = "<group>"; };
		2FFD7DCA1CC95949005CDE2C /* UserService.swift */ = {isa = PBXFileReference; fileEncoding = 4; lastKnownFileType = sourcecode.swift; path = UserService.swift; sourceTree = "<group>"; };
		2FFD7DCC1CC95A44005CDE2C /* DashboardModel.swift */ = {isa = PBXFileReference; fileEncoding = 4; lastKnownFileType = sourcecode.swift; path = DashboardModel.swift; sourceTree = "<group>"; };
		2FFD7DCE1CC95A6F005CDE2C /* DashboardService.swift */ = {isa = PBXFileReference; fileEncoding = 4; lastKnownFileType = sourcecode.swift; path = DashboardService.swift; sourceTree = "<group>"; };
		2FFE5A641CCE867900D02333 /* CategoryIconModel.swift */ = {isa = PBXFileReference; fileEncoding = 4; lastKnownFileType = sourcecode.swift; path = CategoryIconModel.swift; sourceTree = "<group>"; };
		578484DC1C764541006A9841 /* Volontair.app */ = {isa = PBXFileReference; explicitFileType = wrapper.application; includeInIndex = 0; path = Volontair.app; sourceTree = BUILT_PRODUCTS_DIR; };
		578484DF1C764541006A9841 /* AppDelegate.swift */ = {isa = PBXFileReference; lastKnownFileType = sourcecode.swift; path = AppDelegate.swift; sourceTree = "<group>"; };
		578484E11C764541006A9841 /* ViewController.swift */ = {isa = PBXFileReference; lastKnownFileType = sourcecode.swift; path = ViewController.swift; sourceTree = "<group>"; };
		578484E41C764541006A9841 /* Base */ = {isa = PBXFileReference; lastKnownFileType = file.storyboard; name = Base; path = Base.lproj/Main.storyboard; sourceTree = "<group>"; };
		578484E91C764542006A9841 /* Base */ = {isa = PBXFileReference; lastKnownFileType = file.storyboard; name = Base; path = Base.lproj/LaunchScreen.storyboard; sourceTree = "<group>"; };
		578484EB1C764542006A9841 /* Info.plist */ = {isa = PBXFileReference; lastKnownFileType = text.plist.xml; path = Info.plist; sourceTree = "<group>"; };
		578484F01C764542006A9841 /* VolontairTests.xctest */ = {isa = PBXFileReference; explicitFileType = wrapper.cfbundle; includeInIndex = 0; path = VolontairTests.xctest; sourceTree = BUILT_PRODUCTS_DIR; };
		578484F41C764542006A9841 /* VolontairTests.swift */ = {isa = PBXFileReference; lastKnownFileType = sourcecode.swift; path = VolontairTests.swift; sourceTree = "<group>"; };
		578484F61C764542006A9841 /* Info.plist */ = {isa = PBXFileReference; lastKnownFileType = text.plist.xml; path = Info.plist; sourceTree = "<group>"; };
		578484FB1C764542006A9841 /* VolontairUITests.xctest */ = {isa = PBXFileReference; explicitFileType = wrapper.cfbundle; includeInIndex = 0; path = VolontairUITests.xctest; sourceTree = BUILT_PRODUCTS_DIR; };
		578484FF1C764542006A9841 /* VolontairUITests.swift */ = {isa = PBXFileReference; lastKnownFileType = sourcecode.swift; path = VolontairUITests.swift; sourceTree = "<group>"; };
		578485011C764542006A9841 /* Info.plist */ = {isa = PBXFileReference; lastKnownFileType = text.plist.xml; path = Info.plist; sourceTree = "<group>"; };
		57C6A5FB1C90DBED00C98899 /* nl */ = {isa = PBXFileReference; lastKnownFileType = text.plist.strings; name = nl; path = nl.lproj/LaunchScreen.strings; sourceTree = "<group>"; };
		E80A85C31CF4CF550011026E /* SettingsService.swift */ = {isa = PBXFileReference; fileEncoding = 4; lastKnownFileType = sourcecode.swift; path = SettingsService.swift; sourceTree = "<group>"; };
		E85085DB1CE4790C0075AFA3 /* UserMapModel.swift */ = {isa = PBXFileReference; fileEncoding = 4; lastKnownFileType = sourcecode.swift; path = UserMapModel.swift; sourceTree = "<group>"; };
		E86020C21CE27E8A004F1CEF /* NSURLFragmentExtension.swift */ = {isa = PBXFileReference; fileEncoding = 4; lastKnownFileType = sourcecode.swift; path = NSURLFragmentExtension.swift; sourceTree = "<group>"; };
		E891DCF81CE27D8C00D9F560 /* VolontairApiService.swift */ = {isa = PBXFileReference; fileEncoding = 4; lastKnownFileType = sourcecode.swift; path = VolontairApiService.swift; sourceTree = "<group>"; };
		E8A26DC61CF4627400EE5753 /* UIImageMapFragmentExtension.swift */ = {isa = PBXFileReference; fileEncoding = 4; lastKnownFileType = sourcecode.swift; path = UIImageMapFragmentExtension.swift; sourceTree = "<group>"; };
		E8A26DCA1CF4744400EE5753 /* RadiusSettingsViewController.swift */ = {isa = PBXFileReference; fileEncoding = 4; lastKnownFileType = sourcecode.swift; path = RadiusSettingsViewController.swift; sourceTree = "<group>"; };
		E8A26DCD1CF4747900EE5753 /* LocationSettingsViewController.swift */ = {isa = PBXFileReference; fileEncoding = 4; lastKnownFileType = sourcecode.swift; path = LocationSettingsViewController.swift; sourceTree = "<group>"; };
		E8F928C81CE381FB00DDCB61 /* LoginViewController.swift */ = {isa = PBXFileReference; fileEncoding = 4; lastKnownFileType = sourcecode.swift; path = LoginViewController.swift; sourceTree = "<group>"; };
		EF098D871CE33753000753AB /* UserRequestTableViewController.swift */ = {isa = PBXFileReference; fileEncoding = 4; lastKnownFileType = sourcecode.swift; path = UserRequestTableViewController.swift; sourceTree = "<group>"; };
		EF098D891CE36065000753AB /* UserRequestDetailViewController.swift */ = {isa = PBXFileReference; fileEncoding = 4; lastKnownFileType = sourcecode.swift; path = UserRequestDetailViewController.swift; sourceTree = "<group>"; };
		EF0AE2C41CF0A08900D9CFAD /* WizardService.swift */ = {isa = PBXFileReference; fileEncoding = 4; lastKnownFileType = sourcecode.swift; path = WizardService.swift; sourceTree = "<group>"; };
		EF0AE2C61CF0A0C400D9CFAD /* WizardServiceFactory.swift */ = {isa = PBXFileReference; fileEncoding = 4; lastKnownFileType = sourcecode.swift; path = WizardServiceFactory.swift; sourceTree = "<group>"; };
		EF0AE2C81CF31D4500D9CFAD /* CategoryService.swift */ = {isa = PBXFileReference; fileEncoding = 4; lastKnownFileType = sourcecode.swift; path = CategoryService.swift; sourceTree = "<group>"; };
		EF0D05971CB690D4005403B8 /* Constants.swift */ = {isa = PBXFileReference; fileEncoding = 4; lastKnownFileType = sourcecode.swift; path = Constants.swift; sourceTree = "<group>"; };
		EF2721EC1CBE27FB00BCD082 /* ProfileService.swift */ = {isa = PBXFileReference; fileEncoding = 4; lastKnownFileType = sourcecode.swift; path = ProfileService.swift; sourceTree = "<group>"; };
		EF2721F01CBE29D300BCD082 /* ServiceFactory.swift */ = {isa = PBXFileReference; fileEncoding = 4; lastKnownFileType = sourcecode.swift; path = ServiceFactory.swift; sourceTree = "<group>"; };
		EF287BA51CA9BFC6009155CC /* Cartfile */ = {isa = PBXFileReference; fileEncoding = 4; lastKnownFileType = text; path = Cartfile; sourceTree = SOURCE_ROOT; };
		EF2E81E21CBEDE6C00FD141C /* ProfileServiceFactory.swift */ = {isa = PBXFileReference; fileEncoding = 4; lastKnownFileType = sourcecode.swift; path = ProfileServiceFactory.swift; sourceTree = "<group>"; };
		EF2E81E41CBEDF9B00FD141C /* UserModel.swift */ = {isa = PBXFileReference; fileEncoding = 4; lastKnownFileType = sourcecode.swift; path = UserModel.swift; sourceTree = "<group>"; };
		EF2E81E61CBEE56100FD141C /* DashboardServiceFactory.swift */ = {isa = PBXFileReference; fileEncoding = 4; lastKnownFileType = sourcecode.swift; path = DashboardServiceFactory.swift; sourceTree = "<group>"; };
		EF3E527E1CC00B6F0053A701 /* ConversationModel.swift */ = {isa = PBXFileReference; fileEncoding = 4; lastKnownFileType = sourcecode.swift; path = ConversationModel.swift; sourceTree = "<group>"; };
		EF3E52801CC00BC50053A701 /* ContactsService.swift */ = {isa = PBXFileReference; fileEncoding = 4; lastKnownFileType = sourcecode.swift; path = ContactsService.swift; sourceTree = "<group>"; };
		EF3E52811CC00BC50053A701 /* ContactsViewController.swift */ = {isa = PBXFileReference; fileEncoding = 4; lastKnownFileType = sourcecode.swift; path = ContactsViewController.swift; sourceTree = "<group>"; };
		EF3E52821CC00BC50053A701 /* ContactTableViewCell.swift */ = {isa = PBXFileReference; fileEncoding = 4; lastKnownFileType = sourcecode.swift; path = ContactTableViewCell.swift; sourceTree = "<group>"; };
		EF3E52861CC00CF50053A701 /* ContactServiceFactory.swift */ = {isa = PBXFileReference; fileEncoding = 4; lastKnownFileType = sourcecode.swift; path = ContactServiceFactory.swift; sourceTree = "<group>"; };
		EF4948601C8F2886001A8A3C /* SettingsViewController.swift */ = {isa = PBXFileReference; fileEncoding = 4; lastKnownFileType = sourcecode.swift; path = SettingsViewController.swift; sourceTree = "<group>"; };
		EF49F6981CE5F47400C17BA4 /* StringRegexExtension.swift */ = {isa = PBXFileReference; fileEncoding = 4; lastKnownFileType = sourcecode.swift; path = StringRegexExtension.swift; sourceTree = "<group>"; };
		EF5A86C31CA01815004128E7 /* MapKit.framework */ = {isa = PBXFileReference; lastKnownFileType = wrapper.framework; name = MapKit.framework; path = System/Library/Frameworks/MapKit.framework; sourceTree = SDKROOT; };
		EF9400CE1CC79129008F93A9 /* nl */ = {isa = PBXFileReference; lastKnownFileType = text.plist.strings; name = nl; path = nl.lproj/Localizable.strings; sourceTree = "<group>"; };
		EF9400D01CC7912D008F93A9 /* en */ = {isa = PBXFileReference; lastKnownFileType = text.plist.strings; name = en; path = en.lproj/Localizable.strings; sourceTree = "<group>"; };
		EF9400D31CC79CF7008F93A9 /* Assets.xcassets */ = {isa = PBXFileReference; lastKnownFileType = folder.assetcatalog; path = Assets.xcassets; sourceTree = "<group>"; };
		EF9400D71CC7B732008F93A9 /* CategoryModel.swift */ = {isa = PBXFileReference; fileEncoding = 4; lastKnownFileType = sourcecode.swift; path = CategoryModel.swift; sourceTree = "<group>"; };
		EF9998B01CC38E7000C42537 /* RxAlamofire.framework */ = {isa = PBXFileReference; lastKnownFileType = wrapper.framework; path = RxAlamofire.framework; sourceTree = "<group>"; };
		EF9998B11CC38E7000C42537 /* RxBlocking.framework */ = {isa = PBXFileReference; lastKnownFileType = wrapper.framework; path = RxBlocking.framework; sourceTree = "<group>"; };
		EF9998B21CC38E7000C42537 /* RxCocoa.framework */ = {isa = PBXFileReference; lastKnownFileType = wrapper.framework; path = RxCocoa.framework; sourceTree = "<group>"; };
		EF9998B31CC38E7000C42537 /* RxSwift.framework */ = {isa = PBXFileReference; lastKnownFileType = wrapper.framework; path = RxSwift.framework; sourceTree = "<group>"; };
		EF9998BC1CC38EAC00C42537 /* Alamofire.framework */ = {isa = PBXFileReference; lastKnownFileType = wrapper.framework; path = Alamofire.framework; sourceTree = "<group>"; };
		EF9B58371CCF6EA300AA52ED /* AddEmployViewController.swift */ = {isa = PBXFileReference; fileEncoding = 4; lastKnownFileType = sourcecode.swift; path = AddEmployViewController.swift; sourceTree = "<group>"; };
		EF9B583C1CCF8EEA00AA52ED /* OfferService.swift */ = {isa = PBXFileReference; fileEncoding = 4; lastKnownFileType = sourcecode.swift; path = OfferService.swift; sourceTree = "<group>"; };
		EF9B583E1CCF951600AA52ED /* RequestService.swift */ = {isa = PBXFileReference; fileEncoding = 4; lastKnownFileType = sourcecode.swift; path = RequestService.swift; sourceTree = "<group>"; };
		EF9CE00C1CDD1ED2004CF300 /* nl */ = {isa = PBXFileReference; lastKnownFileType = text.plist.strings; name = nl; path = nl.lproj/Main.strings; sourceTree = "<group>"; };
		EFA50DEF1CAAA93100FE4545 /* SwiftyJSON.framework */ = {isa = PBXFileReference; lastKnownFileType = wrapper.framework; path = SwiftyJSON.framework; sourceTree = "<group>"; };
		EFBBB28F1CF380C4001B5339 /* EditProfileViewController.swift */ = {isa = PBXFileReference; fileEncoding = 4; lastKnownFileType = sourcecode.swift; path = EditProfileViewController.swift; sourceTree = "<group>"; };
		EFBBB28D1CF35090001B5339 /* AlamofireStringAsBody.swift */ = {isa = PBXFileReference; fileEncoding = 4; lastKnownFileType = sourcecode.swift; path = AlamofireStringAsBody.swift; sourceTree = "<group>"; };
		EFBDCCE81CA0051400981A6E /* ProfileViewController.swift */ = {isa = PBXFileReference; fileEncoding = 4; lastKnownFileType = sourcecode.swift; path = ProfileViewController.swift; sourceTree = "<group>"; };
		EFD116881C92C2FF00C05E09 /* DashboardViewController.swift */ = {isa = PBXFileReference; fileEncoding = 4; lastKnownFileType = sourcecode.swift; path = DashboardViewController.swift; sourceTree = "<group>"; };
		EFDBD6A51CEB57A100BC7ED8 /* RBResizer.swift */ = {isa = PBXFileReference; fileEncoding = 4; lastKnownFileType = sourcecode.swift; path = RBResizer.swift; sourceTree = "<group>"; };
		EFF75AAC1CDA19DB00090ACB /* CategoryTableViewController.swift */ = {isa = PBXFileReference; fileEncoding = 4; lastKnownFileType = sourcecode.swift; path = CategoryTableViewController.swift; sourceTree = "<group>"; };
		EFF75AAE1CDA37BD00090ACB /* CoreLocation.framework */ = {isa = PBXFileReference; lastKnownFileType = wrapper.framework; name = CoreLocation.framework; path = System/Library/Frameworks/CoreLocation.framework; sourceTree = SDKROOT; };
		EFF75AB01CDA388600090ACB /* GeoLocationViewController.swift */ = {isa = PBXFileReference; fileEncoding = 4; lastKnownFileType = sourcecode.swift; path = GeoLocationViewController.swift; sourceTree = "<group>"; };
		EFF75AB21CDA5F2400090ACB /* UserTypeViewController.swift */ = {isa = PBXFileReference; fileEncoding = 4; lastKnownFileType = sourcecode.swift; path = UserTypeViewController.swift; sourceTree = "<group>"; };
		EFF75AB41CDA61AE00090ACB /* ValidationProtocol.swift */ = {isa = PBXFileReference; fileEncoding = 4; lastKnownFileType = sourcecode.swift; path = ValidationProtocol.swift; sourceTree = "<group>"; };
/* End PBXFileReference section */

/* Begin PBXFrameworksBuildPhase section */
		578484D91C764541006A9841 /* Frameworks */ = {
			isa = PBXFrameworksBuildPhase;
			buildActionMask = 2147483647;
			files = (
				EFF75AAF1CDA37BD00090ACB /* CoreLocation.framework in Frameworks */,
				EF9998B61CC38E7000C42537 /* RxBlocking.framework in Frameworks */,
				EFF4D63D1CBFA2F3001AE6E3 /* MapKit.framework in Frameworks */,
				EF9998BA1CC38E7100C42537 /* RxSwift.framework in Frameworks */,
				EF9998BD1CC38EAC00C42537 /* Alamofire.framework in Frameworks */,
				EFA50DF81CAAA97000FE4545 /* SwiftyJSON.framework in Frameworks */,
				57C442BF1CA080C900A556F5 /* Bolts.framework in Frameworks */,
				EF9998B81CC38E7100C42537 /* RxCocoa.framework in Frameworks */,
				57C442C21CA080CA00A556F5 /* FBSDKCoreKit.framework in Frameworks */,
				57C442C41CA080CC00A556F5 /* FBSDKLoginKit.framework in Frameworks */,
				EF9998B41CC38E7000C42537 /* RxAlamofire.framework in Frameworks */,
			);
			runOnlyForDeploymentPostprocessing = 0;
		};
		578484ED1C764542006A9841 /* Frameworks */ = {
			isa = PBXFrameworksBuildPhase;
			buildActionMask = 2147483647;
			files = (
				EFA50DF11CAAA93100FE4545 /* SwiftyJSON.framework in Frameworks */,
				57C442B61CA078D200A556F5 /* FBSDKLoginKit.framework in Frameworks */,
			);
			runOnlyForDeploymentPostprocessing = 0;
		};
		578484F81C764542006A9841 /* Frameworks */ = {
			isa = PBXFrameworksBuildPhase;
			buildActionMask = 2147483647;
			files = (
				EFA50DFB1CAAAB9000FE4545 /* SwiftyJSON.framework in Frameworks */,
			);
			runOnlyForDeploymentPostprocessing = 0;
		};
/* End PBXFrameworksBuildPhase section */

/* Begin PBXGroup section */
		2FFAA74C1CC0F0D80086CD6F /* Map */ = {
			isa = PBXGroup;
			children = (
				EF9B58391CCF859A00AA52ED /* Employ */,
				2FD6F1AD1CBA6FDB00879F7F /* RequestModel.swift */,
				2FE876381CBA902D007D9C41 /* MapViewModel.swift */,
				2FD6F1AB1CBA6BF300879F7F /* MapService.swift */,
				2FD6F1A91CBA664C00879F7F /* MapViewController.swift */,
				2FFAA74D1CC0F1290086CD6F /* MapServiceFactory.swift */,
				2FFAA74F1CC0F8A10086CD6F /* MapMarkerModel.swift */,
				2FFE5A641CCE867900D02333 /* CategoryIconModel.swift */,
				E85085DB1CE4790C0075AFA3 /* UserMapModel.swift */,
			);
			name = Map;
			sourceTree = "<group>";
		};
		578484D31C764541006A9841 = {
			isa = PBXGroup;
			children = (
				578484DE1C764541006A9841 /* Volontair */,
				578484F31C764542006A9841 /* VolontairTests */,
				578484FE1C764542006A9841 /* VolontairUITests */,
				578484DD1C764541006A9841 /* Products */,
			);
			sourceTree = "<group>";
		};
		578484DD1C764541006A9841 /* Products */ = {
			isa = PBXGroup;
			children = (
				578484DC1C764541006A9841 /* Volontair.app */,
				578484F01C764542006A9841 /* VolontairTests.xctest */,
				578484FB1C764542006A9841 /* VolontairUITests.xctest */,
			);
			name = Products;
			sourceTree = "<group>";
		};
		578484DE1C764541006A9841 /* Volontair */ = {
			isa = PBXGroup;
			children = (
				EFDBD6A41CEB579600BC7ED8 /* Util */,
				E8F928C71CE381C600DDCB61 /* Login */,
				E891DCFA1CE27DB800D9F560 /* Extensions */,
				2FFAA74C1CC0F0D80086CD6F /* Map */,
				EFF4D63E1CBFA31A001AE6E3 /* Contacts */,
				EF2721EF1CBE293C00BCD082 /* Factory */,
				EF2721EE1CBE280200BCD082 /* Service */,
				EF2721EB1CBE275100BCD082 /* Settings */,
				EF2721EA1CBE273400BCD082 /* Wizard */,
				EF2721E91CBE270700BCD082 /* Dashboard */,
				EF2721E81CBE26A200BCD082 /* Profile */,
				EF287BB11CA9C527009155CC /* Frameworks */,
				EF287BA51CA9BFC6009155CC /* Cartfile */,
				578484DF1C764541006A9841 /* AppDelegate.swift */,
				578484E31C764541006A9841 /* Main.storyboard */,
				578484E81C764542006A9841 /* LaunchScreen.storyboard */,
				578484EB1C764542006A9841 /* Info.plist */,
				EF0D05971CB690D4005403B8 /* Constants.swift */,
				EF9400CF1CC79129008F93A9 /* Localizable.strings */,
				EF9400D31CC79CF7008F93A9 /* Assets.xcassets */,
			);
			path = Volontair;
			sourceTree = "<group>";
		};
		578484F31C764542006A9841 /* VolontairTests */ = {
			isa = PBXGroup;
			children = (
				578484F41C764542006A9841 /* VolontairTests.swift */,
				578484F61C764542006A9841 /* Info.plist */,
			);
			path = VolontairTests;
			sourceTree = "<group>";
		};
		578484FE1C764542006A9841 /* VolontairUITests */ = {
			isa = PBXGroup;
			children = (
				578484FF1C764542006A9841 /* VolontairUITests.swift */,
				578485011C764542006A9841 /* Info.plist */,
			);
			path = VolontairUITests;
			sourceTree = "<group>";
		};
		E891DCFA1CE27DB800D9F560 /* Extensions */ = {
			isa = PBXGroup;
			children = (
				E86020C21CE27E8A004F1CEF /* NSURLFragmentExtension.swift */,
				EF49F6981CE5F47400C17BA4 /* StringRegexExtension.swift */,
				EFBBB28D1CF35090001B5339 /* AlamofireStringAsBody.swift */,
				E8A26DC61CF4627400EE5753 /* UIImageMapFragmentExtension.swift */,
			);
			name = Extensions;
			sourceTree = "<group>";
		};
		E8F928C71CE381C600DDCB61 /* Login */ = {
			isa = PBXGroup;
			children = (
				E8F928C81CE381FB00DDCB61 /* LoginViewController.swift */,
			);
			name = Login;
			sourceTree = "<group>";
		};
		EF2721E81CBE26A200BCD082 /* Profile */ = {
			isa = PBXGroup;
			children = (
				EF2E81E41CBEDF9B00FD141C /* UserModel.swift */,
				EFBDCCE81CA0051400981A6E /* ProfileViewController.swift */,
				EF2721EC1CBE27FB00BCD082 /* ProfileService.swift */,
				EF2E81E21CBEDE6C00FD141C /* ProfileServiceFactory.swift */,
				EF098D871CE33753000753AB /* UserRequestTableViewController.swift */,
				EF098D891CE36065000753AB /* UserRequestDetailViewController.swift */,
				EFBBB28F1CF380C4001B5339 /* EditProfileViewController.swift */,
			);
			name = Profile;
			sourceTree = "<group>";
		};
		EF2721E91CBE270700BCD082 /* Dashboard */ = {
			isa = PBXGroup;
			children = (
				EFD116881C92C2FF00C05E09 /* DashboardViewController.swift */,
				EF2E81E61CBEE56100FD141C /* DashboardServiceFactory.swift */,
				2FFD7DCC1CC95A44005CDE2C /* DashboardModel.swift */,
			);
			name = Dashboard;
			sourceTree = "<group>";
		};
		EF2721EA1CBE273400BCD082 /* Wizard */ = {
			isa = PBXGroup;
			children = (
				578484E11C764541006A9841 /* ViewController.swift */,
				EFF75AAC1CDA19DB00090ACB /* CategoryTableViewController.swift */,
				EFF75AB01CDA388600090ACB /* GeoLocationViewController.swift */,
				EFF75AB21CDA5F2400090ACB /* UserTypeViewController.swift */,
				EFF75AB41CDA61AE00090ACB /* ValidationProtocol.swift */,
				EF0AE2C41CF0A08900D9CFAD /* WizardService.swift */,
				EF0AE2C61CF0A0C400D9CFAD /* WizardServiceFactory.swift */,
			);
			name = Wizard;
			sourceTree = "<group>";
		};
		EF2721EB1CBE275100BCD082 /* Settings */ = {
			isa = PBXGroup;
			children = (
				EF4948601C8F2886001A8A3C /* SettingsViewController.swift */,
				E8A26DCA1CF4744400EE5753 /* RadiusSettingsViewController.swift */,
				E8A26DCD1CF4747900EE5753 /* LocationSettingsViewController.swift */,
				E80A85C31CF4CF550011026E /* SettingsService.swift */,
			);
			name = Settings;
			sourceTree = "<group>";
		};
		EF2721EE1CBE280200BCD082 /* Service */ = {
			isa = PBXGroup;
			children = (
				2FFD7DCE1CC95A6F005CDE2C /* DashboardService.swift */,
				EF9B583C1CCF8EEA00AA52ED /* OfferService.swift */,
				EF9B583E1CCF951600AA52ED /* RequestService.swift */,
				2FFD7DCA1CC95949005CDE2C /* UserService.swift */,
				E891DCF81CE27D8C00D9F560 /* VolontairApiService.swift */,
				EF0AE2C81CF31D4500D9CFAD /* CategoryService.swift */,
			);
			name = Service;
			sourceTree = "<group>";
		};
		EF2721EF1CBE293C00BCD082 /* Factory */ = {
			isa = PBXGroup;
			children = (
				EF2721F01CBE29D300BCD082 /* ServiceFactory.swift */,
			);
			name = Factory;
			sourceTree = "<group>";
		};
		EF287BB11CA9C527009155CC /* Frameworks */ = {
			isa = PBXGroup;
			children = (
				EFF75AAE1CDA37BD00090ACB /* CoreLocation.framework */,
				EF9998BC1CC38EAC00C42537 /* Alamofire.framework */,
				EF9998B01CC38E7000C42537 /* RxAlamofire.framework */,
				EF9998B11CC38E7000C42537 /* RxBlocking.framework */,
				EF9998B21CC38E7000C42537 /* RxCocoa.framework */,
				EF9998B31CC38E7000C42537 /* RxSwift.framework */,
				EFA50DEF1CAAA93100FE4545 /* SwiftyJSON.framework */,
				EF5A86C31CA01815004128E7 /* MapKit.framework */,
			);
			name = Frameworks;
			path = ..;
			sourceTree = "<group>";
		};
		EF9B58391CCF859A00AA52ED /* Employ */ = {
			isa = PBXGroup;
			children = (
				EF9B58371CCF6EA300AA52ED /* AddEmployViewController.swift */,
			);
			name = Employ;
			sourceTree = "<group>";
		};
		EFDBD6A41CEB579600BC7ED8 /* Util */ = {
			isa = PBXGroup;
			children = (
				EFDBD6A51CEB57A100BC7ED8 /* RBResizer.swift */,
			);
			name = Util;
			sourceTree = "<group>";
		};
		EFF4D63E1CBFA31A001AE6E3 /* Contacts */ = {
			isa = PBXGroup;
			children = (
				EF3E527E1CC00B6F0053A701 /* ConversationModel.swift */,
				EF3E52801CC00BC50053A701 /* ContactsService.swift */,
				EF3E52811CC00BC50053A701 /* ContactsViewController.swift */,
				EF3E52821CC00BC50053A701 /* ContactTableViewCell.swift */,
				EF3E52861CC00CF50053A701 /* ContactServiceFactory.swift */,
				EF9400D71CC7B732008F93A9 /* CategoryModel.swift */,
			);
			name = Contacts;
			sourceTree = "<group>";
		};
/* End PBXGroup section */

/* Begin PBXNativeTarget section */
		578484DB1C764541006A9841 /* Volontair */ = {
			isa = PBXNativeTarget;
			buildConfigurationList = 578485041C764542006A9841 /* Build configuration list for PBXNativeTarget "Volontair" */;
			buildPhases = (
				578484D81C764541006A9841 /* Sources */,
				578484D91C764541006A9841 /* Frameworks */,
				578484DA1C764541006A9841 /* Resources */,
				EF287BAA1CA9C1AD009155CC /* Embed Frameworks */,
			);
			buildRules = (
			);
			dependencies = (
			);
			name = Volontair;
			productName = Volontair;
			productReference = 578484DC1C764541006A9841 /* Volontair.app */;
			productType = "com.apple.product-type.application";
		};
		578484EF1C764542006A9841 /* VolontairTests */ = {
			isa = PBXNativeTarget;
			buildConfigurationList = 578485071C764542006A9841 /* Build configuration list for PBXNativeTarget "VolontairTests" */;
			buildPhases = (
				578484EC1C764542006A9841 /* Sources */,
				578484ED1C764542006A9841 /* Frameworks */,
				578484EE1C764542006A9841 /* Resources */,
			);
			buildRules = (
			);
			dependencies = (
				578484F21C764542006A9841 /* PBXTargetDependency */,
			);
			name = VolontairTests;
			productName = VolontairTests;
			productReference = 578484F01C764542006A9841 /* VolontairTests.xctest */;
			productType = "com.apple.product-type.bundle.unit-test";
		};
		578484FA1C764542006A9841 /* VolontairUITests */ = {
			isa = PBXNativeTarget;
			buildConfigurationList = 5784850A1C764542006A9841 /* Build configuration list for PBXNativeTarget "VolontairUITests" */;
			buildPhases = (
				578484F71C764542006A9841 /* Sources */,
				578484F81C764542006A9841 /* Frameworks */,
				578484F91C764542006A9841 /* Resources */,
			);
			buildRules = (
			);
			dependencies = (
				578484FD1C764542006A9841 /* PBXTargetDependency */,
			);
			name = VolontairUITests;
			productName = VolontairUITests;
			productReference = 578484FB1C764542006A9841 /* VolontairUITests.xctest */;
			productType = "com.apple.product-type.bundle.ui-testing";
		};
/* End PBXNativeTarget section */

/* Begin PBXProject section */
		578484D41C764541006A9841 /* Project object */ = {
			isa = PBXProject;
			attributes = {
				LastSwiftUpdateCheck = 0720;
				LastUpgradeCheck = 0730;
				ORGANIZATIONNAME = Volontair;
				TargetAttributes = {
					578484DB1C764541006A9841 = {
						CreatedOnToolsVersion = 7.2.1;
						DevelopmentTeam = AW58WB4R6V;
					};
					578484EF1C764542006A9841 = {
						CreatedOnToolsVersion = 7.2.1;
						TestTargetID = 578484DB1C764541006A9841;
					};
					578484FA1C764542006A9841 = {
						CreatedOnToolsVersion = 7.2.1;
						DevelopmentTeam = AW58WB4R6V;
						TestTargetID = 578484DB1C764541006A9841;
					};
				};
			};
			buildConfigurationList = 578484D71C764541006A9841 /* Build configuration list for PBXProject "Volontair" */;
			compatibilityVersion = "Xcode 3.2";
			developmentRegion = English;
			hasScannedForEncodings = 0;
			knownRegions = (
				en,
				Base,
				nl,
			);
			mainGroup = 578484D31C764541006A9841;
			productRefGroup = 578484DD1C764541006A9841 /* Products */;
			projectDirPath = "";
			projectRoot = "";
			targets = (
				578484DB1C764541006A9841 /* Volontair */,
				578484EF1C764542006A9841 /* VolontairTests */,
				578484FA1C764542006A9841 /* VolontairUITests */,
			);
		};
/* End PBXProject section */

/* Begin PBXResourcesBuildPhase section */
		578484DA1C764541006A9841 /* Resources */ = {
			isa = PBXResourcesBuildPhase;
			buildActionMask = 2147483647;
			files = (
				EF9400CD1CC79129008F93A9 /* Localizable.strings in Resources */,
				578484EA1C764542006A9841 /* LaunchScreen.storyboard in Resources */,
				EF287BA61CA9BFC6009155CC /* Cartfile in Resources */,
				578484E51C764541006A9841 /* Main.storyboard in Resources */,
				EF9400D41CC79CF7008F93A9 /* Assets.xcassets in Resources */,
			);
			runOnlyForDeploymentPostprocessing = 0;
		};
		578484EE1C764542006A9841 /* Resources */ = {
			isa = PBXResourcesBuildPhase;
			buildActionMask = 2147483647;
			files = (
			);
			runOnlyForDeploymentPostprocessing = 0;
		};
		578484F91C764542006A9841 /* Resources */ = {
			isa = PBXResourcesBuildPhase;
			buildActionMask = 2147483647;
			files = (
			);
			runOnlyForDeploymentPostprocessing = 0;
		};
/* End PBXResourcesBuildPhase section */

/* Begin PBXSourcesBuildPhase section */
		578484D81C764541006A9841 /* Sources */ = {
			isa = PBXSourcesBuildPhase;
			buildActionMask = 2147483647;
			files = (
				2FFAA7501CC0F8A10086CD6F /* MapMarkerModel.swift in Sources */,
				E891DCF91CE27D8C00D9F560 /* VolontairApiService.swift in Sources */,
				EFBBB2901CF380C4001B5339 /* EditProfileViewController.swift in Sources */,
				EF0AE2C51CF0A08900D9CFAD /* WizardService.swift in Sources */,
				E8F928C91CE381FB00DDCB61 /* LoginViewController.swift in Sources */,
				EF0AE2C91CF31D4500D9CFAD /* CategoryService.swift in Sources */,
				EF9B583F1CCF951600AA52ED /* RequestService.swift in Sources */,
				EF2E81E31CBEDE6C00FD141C /* ProfileServiceFactory.swift in Sources */,
				EFF75AB11CDA388600090ACB /* GeoLocationViewController.swift in Sources */,
				EF0D05981CB690D4005403B8 /* Constants.swift in Sources */,
				EFBDCCE91CA0051400981A6E /* ProfileViewController.swift in Sources */,
				E8A26DC71CF4627400EE5753 /* UIImageMapFragmentExtension.swift in Sources */,
				EF3E52831CC00BC50053A701 /* ContactsService.swift in Sources */,
				EF3E38D61C9B5C60005210ED /* FBSDKLoginKit.framework in Sources */,
				2FD6F1AC1CBA6BF300879F7F /* MapService.swift in Sources */,
				2FD6F1AE1CBA6FDB00879F7F /* RequestModel.swift in Sources */,
				2FFD7DC91CC958D4005CDE2C /* ViewController.swift in Sources */,
				E8A26DCB1CF4744400EE5753 /* RadiusSettingsViewController.swift in Sources */,
				E86020C31CE27E8A004F1CEF /* NSURLFragmentExtension.swift in Sources */,
				EF9B58381CCF6EA300AA52ED /* AddEmployViewController.swift in Sources */,
				2FFD7DCD1CC95A44005CDE2C /* DashboardModel.swift in Sources */,
				EF9B583D1CCF8EEA00AA52ED /* OfferService.swift in Sources */,
				2FFD7DC71CC958D4005CDE2C /* DashboardViewController.swift in Sources */,
				EFBBB28E1CF35090001B5339 /* AlamofireStringAsBody.swift in Sources */,
				E8A26DCE1CF4747900EE5753 /* LocationSettingsViewController.swift in Sources */,
				EF2721F11CBE29D300BCD082 /* ServiceFactory.swift in Sources */,
				EF9400D81CC7B732008F93A9 /* CategoryModel.swift in Sources */,
				EF5354FF1CB98DA800B5DEE2 /* (null) in Sources */,
				EF49F6991CE5F47400C17BA4 /* StringRegexExtension.swift in Sources */,
				EFF75AB31CDA5F2500090ACB /* UserTypeViewController.swift in Sources */,
				EF2E81E71CBEE56100FD141C /* DashboardServiceFactory.swift in Sources */,
				E85085DC1CE4790C0075AFA3 /* UserMapModel.swift in Sources */,
				EF2721ED1CBE27FB00BCD082 /* ProfileService.swift in Sources */,
				EF3E52841CC00BC50053A701 /* ContactsViewController.swift in Sources */,
				EF2E81E51CBEDF9B00FD141C /* UserModel.swift in Sources */,
				E80A85C41CF4CF550011026E /* SettingsService.swift in Sources */,
				EF3E527F1CC00B6F0053A701 /* ConversationModel.swift in Sources */,
				EF098D881CE33753000753AB /* UserRequestTableViewController.swift in Sources */,
				EF3E52851CC00BC50053A701 /* ContactTableViewCell.swift in Sources */,
				EF3E52871CC00CF50053A701 /* ContactServiceFactory.swift in Sources */,
				578484E01C764541006A9841 /* AppDelegate.swift in Sources */,
				EFDBD6A61CEB57A100BC7ED8 /* RBResizer.swift in Sources */,
				EF098D8A1CE36065000753AB /* UserRequestDetailViewController.swift in Sources */,
				EF4948611C8F2886001A8A3C /* SettingsViewController.swift in Sources */,
				EFF75AAD1CDA19DB00090ACB /* CategoryTableViewController.swift in Sources */,
				2FFD7DCB1CC95949005CDE2C /* UserService.swift in Sources */,
				2FFAA74E1CC0F1290086CD6F /* MapServiceFactory.swift in Sources */,
				EF0AE2C71CF0A0C400D9CFAD /* WizardServiceFactory.swift in Sources */,
				2FD6F1AA1CBA664C00879F7F /* MapViewController.swift in Sources */,
				EFF75AB51CDA61AE00090ACB /* ValidationProtocol.swift in Sources */,
				2FFE5A651CCE867900D02333 /* CategoryIconModel.swift in Sources */,
				2FFD7DCF1CC95A6F005CDE2C /* DashboardService.swift in Sources */,
				2FE876391CBA902D007D9C41 /* MapViewModel.swift in Sources */,
			);
			runOnlyForDeploymentPostprocessing = 0;
		};
		578484EC1C764542006A9841 /* Sources */ = {
			isa = PBXSourcesBuildPhase;
			buildActionMask = 2147483647;
			files = (
				578484F51C764542006A9841 /* VolontairTests.swift in Sources */,
			);
			runOnlyForDeploymentPostprocessing = 0;
		};
		578484F71C764542006A9841 /* Sources */ = {
			isa = PBXSourcesBuildPhase;
			buildActionMask = 2147483647;
			files = (
				578485001C764542006A9841 /* VolontairUITests.swift in Sources */,
			);
			runOnlyForDeploymentPostprocessing = 0;
		};
/* End PBXSourcesBuildPhase section */

/* Begin PBXTargetDependency section */
		578484F21C764542006A9841 /* PBXTargetDependency */ = {
			isa = PBXTargetDependency;
			target = 578484DB1C764541006A9841 /* Volontair */;
			targetProxy = 578484F11C764542006A9841 /* PBXContainerItemProxy */;
		};
		578484FD1C764542006A9841 /* PBXTargetDependency */ = {
			isa = PBXTargetDependency;
			target = 578484DB1C764541006A9841 /* Volontair */;
			targetProxy = 578484FC1C764542006A9841 /* PBXContainerItemProxy */;
		};
/* End PBXTargetDependency section */

/* Begin PBXVariantGroup section */
		578484E31C764541006A9841 /* Main.storyboard */ = {
			isa = PBXVariantGroup;
			children = (
				578484E41C764541006A9841 /* Base */,
				EF9CE00C1CDD1ED2004CF300 /* nl */,
			);
			name = Main.storyboard;
			sourceTree = "<group>";
		};
		578484E81C764542006A9841 /* LaunchScreen.storyboard */ = {
			isa = PBXVariantGroup;
			children = (
				578484E91C764542006A9841 /* Base */,
				57C6A5FB1C90DBED00C98899 /* nl */,
			);
			name = LaunchScreen.storyboard;
			sourceTree = "<group>";
		};
		EF9400CF1CC79129008F93A9 /* Localizable.strings */ = {
			isa = PBXVariantGroup;
			children = (
				EF9400CE1CC79129008F93A9 /* nl */,
				EF9400D01CC7912D008F93A9 /* en */,
			);
			name = Localizable.strings;
			sourceTree = "<group>";
		};
/* End PBXVariantGroup section */

/* Begin XCBuildConfiguration section */
		578485021C764542006A9841 /* Debug */ = {
			isa = XCBuildConfiguration;
			buildSettings = {
				ALWAYS_SEARCH_USER_PATHS = NO;
				CLANG_CXX_LANGUAGE_STANDARD = "gnu++0x";
				CLANG_CXX_LIBRARY = "libc++";
				CLANG_ENABLE_MODULES = YES;
				CLANG_ENABLE_OBJC_ARC = YES;
				CLANG_WARN_BOOL_CONVERSION = YES;
				CLANG_WARN_CONSTANT_CONVERSION = YES;
				CLANG_WARN_DIRECT_OBJC_ISA_USAGE = YES_ERROR;
				CLANG_WARN_EMPTY_BODY = YES;
				CLANG_WARN_ENUM_CONVERSION = YES;
				CLANG_WARN_INT_CONVERSION = YES;
				CLANG_WARN_OBJC_ROOT_CLASS = YES_ERROR;
				CLANG_WARN_UNREACHABLE_CODE = YES;
				CLANG_WARN__DUPLICATE_METHOD_MATCH = YES;
				"CODE_SIGN_IDENTITY[sdk=iphoneos*]" = "iPhone Developer";
				COPY_PHASE_STRIP = NO;
				DEBUG_INFORMATION_FORMAT = dwarf;
				ENABLE_BITCODE = NO;
				ENABLE_STRICT_OBJC_MSGSEND = YES;
				ENABLE_TESTABILITY = YES;
				GCC_C_LANGUAGE_STANDARD = gnu99;
				GCC_DYNAMIC_NO_PIC = NO;
				GCC_NO_COMMON_BLOCKS = YES;
				GCC_OPTIMIZATION_LEVEL = 0;
				GCC_PREPROCESSOR_DEFINITIONS = (
					"DEBUG=1",
					"$(inherited)",
				);
				GCC_WARN_64_TO_32_BIT_CONVERSION = YES;
				GCC_WARN_ABOUT_RETURN_TYPE = YES_ERROR;
				GCC_WARN_UNDECLARED_SELECTOR = YES;
				GCC_WARN_UNINITIALIZED_AUTOS = YES_AGGRESSIVE;
				GCC_WARN_UNUSED_FUNCTION = YES;
				GCC_WARN_UNUSED_VARIABLE = YES;
				IPHONEOS_DEPLOYMENT_TARGET = 9.2;
				MTL_ENABLE_DEBUG_INFO = YES;
				ONLY_ACTIVE_ARCH = YES;
				SDKROOT = iphoneos;
				SWIFT_OPTIMIZATION_LEVEL = "-Onone";
				TARGETED_DEVICE_FAMILY = "1,2";
			};
			name = Debug;
		};
		578485031C764542006A9841 /* Release */ = {
			isa = XCBuildConfiguration;
			buildSettings = {
				ALWAYS_SEARCH_USER_PATHS = NO;
				CLANG_CXX_LANGUAGE_STANDARD = "gnu++0x";
				CLANG_CXX_LIBRARY = "libc++";
				CLANG_ENABLE_MODULES = YES;
				CLANG_ENABLE_OBJC_ARC = YES;
				CLANG_WARN_BOOL_CONVERSION = YES;
				CLANG_WARN_CONSTANT_CONVERSION = YES;
				CLANG_WARN_DIRECT_OBJC_ISA_USAGE = YES_ERROR;
				CLANG_WARN_EMPTY_BODY = YES;
				CLANG_WARN_ENUM_CONVERSION = YES;
				CLANG_WARN_INT_CONVERSION = YES;
				CLANG_WARN_OBJC_ROOT_CLASS = YES_ERROR;
				CLANG_WARN_UNREACHABLE_CODE = YES;
				CLANG_WARN__DUPLICATE_METHOD_MATCH = YES;
				"CODE_SIGN_IDENTITY[sdk=iphoneos*]" = "iPhone Developer";
				COPY_PHASE_STRIP = NO;
				DEBUG_INFORMATION_FORMAT = "dwarf-with-dsym";
				ENABLE_BITCODE = NO;
				ENABLE_NS_ASSERTIONS = NO;
				ENABLE_STRICT_OBJC_MSGSEND = YES;
				GCC_C_LANGUAGE_STANDARD = gnu99;
				GCC_NO_COMMON_BLOCKS = YES;
				GCC_WARN_64_TO_32_BIT_CONVERSION = YES;
				GCC_WARN_ABOUT_RETURN_TYPE = YES_ERROR;
				GCC_WARN_UNDECLARED_SELECTOR = YES;
				GCC_WARN_UNINITIALIZED_AUTOS = YES_AGGRESSIVE;
				GCC_WARN_UNUSED_FUNCTION = YES;
				GCC_WARN_UNUSED_VARIABLE = YES;
				IPHONEOS_DEPLOYMENT_TARGET = 9.2;
				MTL_ENABLE_DEBUG_INFO = NO;
				SDKROOT = iphoneos;
				TARGETED_DEVICE_FAMILY = "1,2";
				VALIDATE_PRODUCT = YES;
			};
			name = Release;
		};
		578485051C764542006A9841 /* Debug */ = {
			isa = XCBuildConfiguration;
			buildSettings = {
				ASSETCATALOG_COMPILER_APPICON_NAME = AppIcon;
				CODE_SIGN_IDENTITY = "iPhone Developer";
				ENABLE_BITCODE = YES;
				FRAMEWORK_SEARCH_PATHS = (
					"$(inherited)",
					"$(SRCROOT)",
					"$(PROJECT_DIR)",
				);
				INFOPLIST_FILE = Volontair/Info.plist;
				LD_RUNPATH_SEARCH_PATHS = "$(inherited) \\\"$(SRCROOT)/FBSDKLoginKit.framework\\\" \\\"$(SRCROOT)/FBSDKCoreKit.framework\\\" @executable_path/Frameworks";
				PRODUCT_BUNDLE_IDENTIFIER = nl.avans.projectb.Volontair;
				PRODUCT_NAME = "$(TARGET_NAME)";
			};
			name = Debug;
		};
		578485061C764542006A9841 /* Release */ = {
			isa = XCBuildConfiguration;
			buildSettings = {
				ASSETCATALOG_COMPILER_APPICON_NAME = AppIcon;
				CODE_SIGN_IDENTITY = "iPhone Developer";
				ENABLE_BITCODE = YES;
				FRAMEWORK_SEARCH_PATHS = (
					"$(inherited)",
					"$(SRCROOT)",
					"$(PROJECT_DIR)",
				);
				INFOPLIST_FILE = Volontair/Info.plist;
				LD_RUNPATH_SEARCH_PATHS = "$(inherited) \\\"$(SRCROOT)/FBSDKLoginKit.framework\\\" \\\"$(SRCROOT)/FBSDKCoreKit.framework\\\" @executable_path/Frameworks";
				PRODUCT_BUNDLE_IDENTIFIER = nl.avans.projectb.Volontair;
				PRODUCT_NAME = "$(TARGET_NAME)";
			};
			name = Release;
		};
		578485081C764542006A9841 /* Debug */ = {
			isa = XCBuildConfiguration;
			buildSettings = {
				BUNDLE_LOADER = "$(TEST_HOST)";
				FRAMEWORK_SEARCH_PATHS = (
					"$(inherited)",
					"$(PROJECT_DIR)",
				);
				INFOPLIST_FILE = VolontairTests/Info.plist;
				LD_RUNPATH_SEARCH_PATHS = "$(inherited) @executable_path/Frameworks @loader_path/Frameworks";
				PRODUCT_BUNDLE_IDENTIFIER = nl.avans.projectb.VolontairTests;
				PRODUCT_NAME = "$(TARGET_NAME)";
				TEST_HOST = "$(BUILT_PRODUCTS_DIR)/Volontair.app/Volontair";
			};
			name = Debug;
		};
		578485091C764542006A9841 /* Release */ = {
			isa = XCBuildConfiguration;
			buildSettings = {
				BUNDLE_LOADER = "$(TEST_HOST)";
				FRAMEWORK_SEARCH_PATHS = (
					"$(inherited)",
					"$(PROJECT_DIR)",
				);
				INFOPLIST_FILE = VolontairTests/Info.plist;
				LD_RUNPATH_SEARCH_PATHS = "$(inherited) @executable_path/Frameworks @loader_path/Frameworks";
				PRODUCT_BUNDLE_IDENTIFIER = nl.avans.projectb.VolontairTests;
				PRODUCT_NAME = "$(TARGET_NAME)";
				TEST_HOST = "$(BUILT_PRODUCTS_DIR)/Volontair.app/Volontair";
			};
			name = Release;
		};
		5784850B1C764542006A9841 /* Debug */ = {
			isa = XCBuildConfiguration;
			buildSettings = {
				CODE_SIGN_IDENTITY = "iPhone Developer";
				"CODE_SIGN_IDENTITY[sdk=iphoneos*]" = "iPhone Developer";
				FRAMEWORK_SEARCH_PATHS = (
					"$(inherited)",
					"$(PROJECT_DIR)/Carthage/Build/iOS",
					"$(PROJECT_DIR)",
				);
				INFOPLIST_FILE = VolontairUITests/Info.plist;
				LD_RUNPATH_SEARCH_PATHS = "$(inherited) @executable_path/Frameworks @loader_path/Frameworks";
				PRODUCT_BUNDLE_IDENTIFIER = nl.avans.projectb.VolontairUITests;
				PRODUCT_NAME = "$(TARGET_NAME)";
				PROVISIONING_PROFILE = "";
				TEST_TARGET_NAME = Volontair;
				USES_XCTRUNNER = YES;
			};
			name = Debug;
		};
		5784850C1C764542006A9841 /* Release */ = {
			isa = XCBuildConfiguration;
			buildSettings = {
				CODE_SIGN_IDENTITY = "iPhone Developer";
				"CODE_SIGN_IDENTITY[sdk=iphoneos*]" = "iPhone Developer";
				FRAMEWORK_SEARCH_PATHS = (
					"$(inherited)",
					"$(PROJECT_DIR)/Carthage/Build/iOS",
					"$(PROJECT_DIR)",
				);
				INFOPLIST_FILE = VolontairUITests/Info.plist;
				LD_RUNPATH_SEARCH_PATHS = "$(inherited) @executable_path/Frameworks @loader_path/Frameworks";
				PRODUCT_BUNDLE_IDENTIFIER = nl.avans.projectb.VolontairUITests;
				PRODUCT_NAME = "$(TARGET_NAME)";
				PROVISIONING_PROFILE = "";
				TEST_TARGET_NAME = Volontair;
				USES_XCTRUNNER = YES;
			};
			name = Release;
		};
/* End XCBuildConfiguration section */

/* Begin XCConfigurationList section */
		578484D71C764541006A9841 /* Build configuration list for PBXProject "Volontair" */ = {
			isa = XCConfigurationList;
			buildConfigurations = (
				578485021C764542006A9841 /* Debug */,
				578485031C764542006A9841 /* Release */,
			);
			defaultConfigurationIsVisible = 0;
			defaultConfigurationName = Release;
		};
		578485041C764542006A9841 /* Build configuration list for PBXNativeTarget "Volontair" */ = {
			isa = XCConfigurationList;
			buildConfigurations = (
				578485051C764542006A9841 /* Debug */,
				578485061C764542006A9841 /* Release */,
			);
			defaultConfigurationIsVisible = 0;
			defaultConfigurationName = Release;
		};
		578485071C764542006A9841 /* Build configuration list for PBXNativeTarget "VolontairTests" */ = {
			isa = XCConfigurationList;
			buildConfigurations = (
				578485081C764542006A9841 /* Debug */,
				578485091C764542006A9841 /* Release */,
			);
			defaultConfigurationIsVisible = 0;
			defaultConfigurationName = Release;
		};
		5784850A1C764542006A9841 /* Build configuration list for PBXNativeTarget "VolontairUITests" */ = {
			isa = XCConfigurationList;
			buildConfigurations = (
				5784850B1C764542006A9841 /* Debug */,
				5784850C1C764542006A9841 /* Release */,
			);
			defaultConfigurationIsVisible = 0;
			defaultConfigurationName = Release;
		};
/* End XCConfigurationList section */
	};
	rootObject = 578484D41C764541006A9841 /* Project object */;
}
